
Microsoft Visual Studio Solution File, Format Version 12.00
# Visual Studio Version 17
VisualStudioVersion = 17.8.34525.116
MinimumVisualStudioVersion = 10.0.40219.1
Project("{FAE04EC0-301F-11D3-BF4B-00C04F79EFBC}") = "TaschenrechnerTEST", "TaschenrechnerTEST.csproj", "{CC21FF51-8316-450F-A90A-B0BF3229315D}"
EndProject
Global
	GlobalSection(SolutionConfigurationPlatforms) = preSolution
		Debug|Any CPU = Debug|Any CPU
		Release|Any CPU = Release|Any CPU
	EndGlobalSection
	GlobalSection(ProjectConfigurationPlatforms) = postSolution
		{CC21FF51-8316-450F-A90A-B0BF3229315D}.Debug|Any CPU.ActiveCfg = Debug|Any CPU
		{CC21FF51-8316-450F-A90A-B0BF3229315D}.Debug|Any CPU.Build.0 = Debug|Any CPU
		{CC21FF51-8316-450F-A90A-B0BF3229315D}.Release|Any CPU.ActiveCfg = Release|Any CPU
		{CC21FF51-8316-450F-A90A-B0BF3229315D}.Release|Any CPU.Build.0 = Release|Any CPU
	EndGlobalSection
	GlobalSection(SolutionProperties) = preSolution
		HideSolutionNode = FALSE
	EndGlobalSection
	GlobalSection(ExtensibilityGlobals) = postSolution
		SolutionGuid = {2ABB0CC4-3A2A-466E-A2B2-46B5806703A9}
	EndGlobalSection
EndGlobal
